
Microsoft Visual Studio Solution File, Format Version 12.00
# Visual Studio Version 17
VisualStudioVersion = 17.7.34031.279
MinimumVisualStudioVersion = 10.0.40219.1
Project("{FAE04EC0-301F-11D3-BF4B-00C04F79EFBC}") = "MedatR.Custom", "MedatR-Custom\MedatR.Custom.csproj", "{BE5F58B9-B573-4B60-9EC4-6D8BB4A725CA}"
EndProject
Global
	GlobalSection(SolutionConfigurationPlatforms) = preSolution
		Debug|Any CPU = Debug|Any CPU
		Release|Any CPU = Release|Any CPU
	EndGlobalSection
	GlobalSection(ProjectConfigurationPlatforms) = postSolution
		{BE5F58B9-B573-4B60-9EC4-6D8BB4A725CA}.Debug|Any CPU.ActiveCfg = Debug|Any CPU
		{BE5F58B9-B573-4B60-9EC4-6D8BB4A725CA}.Debug|Any CPU.Build.0 = Debug|Any CPU
		{BE5F58B9-B573-4B60-9EC4-6D8BB4A725CA}.Release|Any CPU.ActiveCfg = Release|Any CPU
		{BE5F58B9-B573-4B60-9EC4-6D8BB4A725CA}.Release|Any CPU.Build.0 = Release|Any CPU
	EndGlobalSection
	GlobalSection(SolutionProperties) = preSolution
		HideSolutionNode = FALSE
	EndGlobalSection
	GlobalSection(ExtensibilityGlobals) = postSolution
		SolutionGuid = {0C20DBFD-327C-4AB9-AC0F-07A242790164}
	EndGlobalSection
EndGlobal
